{
  "name": "bornengine-pong",
  "version": "1.0.0",
  "lockfileVersion": 3,
  "requires": true,
  "packages": {
    "": {
      "name": "bornengine-pong",
      "version": "1.0.0",
      "dependencies": {
        "@bornengine/engine": "file:../../"
      }
    },
    "../..": {
      "name": "@bornengine/engine",
      "version": "0.6.0",
      "license": "MIT"
    },
    "node_modules/@bornengine/engine": {
      "resolved": "../..",
      "link": true
    }
  }
}
