{
  "name": "bornengine-multiplayer-arena-client",
  "version": "1.0.0",
  "lockfileVersion": 3,
  "requires": true,
  "packages": {
    "": {
      "name": "bornengine-multiplayer-arena-client",
      "version": "1.0.0",
      "dependencies": {
        "@bornengine/engine": "file:../../.."
      }
    },
    "../../..": {
      "name": "@bornengine/engine",
      "version": "0.10.0",
      "license": "MIT",
      "dependencies": {
        "@bornengine/jolt-prebuilt": "0.4.1"
      }
    },
    "node_modules/@bornengine/engine": {
      "resolved": "../../..",
      "link": true
    }
  }
}
